# This file was autogenerated by uv via the following command:
#    uv pip compile requirements.txt --python-platform windows --python-version 3.12 -o requirements-win.lock
altgraph==0.17.5
    # via pyinstaller
customtkinter==5.2.2
    # via -r requirements.txt
darkdetect==0.8.0
    # via customtkinter
dulwich==1.2.17
    # via -r requirements.txt
packaging==26.3
    # via
    #   customtkinter
    #   pyinstaller
    #   pyinstaller-hooks-contrib
pefile==2024.8.26
    # via pyinstaller
pyinstaller==6.22.3
    # via -r requirements.txt
pyinstaller-hooks-contrib==2026.8
    # via pyinstaller
pypiwin32==223
    # via -r requirements.txt
pywin32==312
    # via pypiwin32
pywin32-ctypes==0.2.3
    # via pyinstaller
setuptools==84.0.0
    # via pyinstaller
urllib3==2.8.0
    # via dulwich
winshell==0.6
    # via -r requirements.txt
